
Microsoft Visual Studio Solution File, Format Version 12.00
# Visual Studio Version 17
VisualStudioVersion = 17.2.32526.322
MinimumVisualStudioVersion = 10.0.40219.1
Project("{9A19103F-16F7-4668-BE54-9A1E7A4F7556}") = "P01.DefineClassPerson", "P01.DefineClassPerson\P01.DefineClassPerson.csproj", "{C6A62EE2-4CF5-4962-A6A0-E04BEA071816}"
EndProject
Project("{9A19103F-16F7-4668-BE54-9A1E7A4F7556}") = "P02.CreatingConstructors", "P02.CreatingConstructors\P02.CreatingConstructors.csproj", "{D339A726-2685-4F0F-8E4B-158A6F029375}"
EndProject
Project("{9A19103F-16F7-4668-BE54-9A1E7A4F7556}") = "P03.OldestFamilyMember", "P03.OldestFamilyMember\P03.OldestFamilyMember.csproj", "{0F63AB17-0BB8-442D-B17D-2340C5796DB7}"
EndProject
Project("{9A19103F-16F7-4668-BE54-9A1E7A4F7556}") = "P04.PollOpinions", "P04.PollOpinions\P04.PollOpinions.csproj", "{227F3352-55FE-4151-8698-E32282E92AF4}"
EndProject
Project("{9A19103F-16F7-4668-BE54-9A1E7A4F7556}") = "P05.DateModifier", "P05.DateModifier\P05.DateModifier.csproj", "{ADF9524C-D881-4096-B669-16EBCA61BACC}"
EndProject
Project("{9A19103F-16F7-4668-BE54-9A1E7A4F7556}") = "P06.SpeedRacing", "P06.SpeedRacing\P06.SpeedRacing.csproj", "{4F9B594C-7E2D-49ED-8A93-4E5D4975C552}"
EndProject
Project("{FAE04EC0-301F-11D3-BF4B-00C04F79EFBC}") = "P07.RawData", "P07.RawData\P07.RawData.csproj", "{66CC9910-EB29-48AF-ACC3-CD9EEE2BCBAB}"
EndProject
Project("{FAE04EC0-301F-11D3-BF4B-00C04F79EFBC}") = "P08.CarSalesman", "P08.CarSalesman\P08.CarSalesman.csproj", "{20DBE9A6-41C7-40E6-B889-EFA890441877}"
EndProject
Global
	GlobalSection(SolutionConfigurationPlatforms) = preSolution
		Debug|Any CPU = Debug|Any CPU
		Release|Any CPU = Release|Any CPU
	EndGlobalSection
	GlobalSection(ProjectConfigurationPlatforms) = postSolution
		{C6A62EE2-4CF5-4962-A6A0-E04BEA071816}.Debug|Any CPU.ActiveCfg = Debug|Any CPU
		{C6A62EE2-4CF5-4962-A6A0-E04BEA071816}.Debug|Any CPU.Build.0 = Debug|Any CPU
		{C6A62EE2-4CF5-4962-A6A0-E04BEA071816}.Release|Any CPU.ActiveCfg = Release|Any CPU
		{C6A62EE2-4CF5-4962-A6A0-E04BEA071816}.Release|Any CPU.Build.0 = Release|Any CPU
		{D339A726-2685-4F0F-8E4B-158A6F029375}.Debug|Any CPU.ActiveCfg = Debug|Any CPU
		{D339A726-2685-4F0F-8E4B-158A6F029375}.Debug|Any CPU.Build.0 = Debug|Any CPU
		{D339A726-2685-4F0F-8E4B-158A6F029375}.Release|Any CPU.ActiveCfg = Release|Any CPU
		{D339A726-2685-4F0F-8E4B-158A6F029375}.Release|Any CPU.Build.0 = Release|Any CPU
		{0F63AB17-0BB8-442D-B17D-2340C5796DB7}.Debug|Any CPU.ActiveCfg = Debug|Any CPU
		{0F63AB17-0BB8-442D-B17D-2340C5796DB7}.Debug|Any CPU.Build.0 = Debug|Any CPU
		{0F63AB17-0BB8-442D-B17D-2340C5796DB7}.Release|Any CPU.ActiveCfg = Release|Any CPU
		{0F63AB17-0BB8-442D-B17D-2340C5796DB7}.Release|Any CPU.Build.0 = Release|Any CPU
		{227F3352-55FE-4151-8698-E32282E92AF4}.Debug|Any CPU.ActiveCfg = Debug|Any CPU
		{227F3352-55FE-4151-8698-E32282E92AF4}.Debug|Any CPU.Build.0 = Debug|Any CPU
		{227F3352-55FE-4151-8698-E32282E92AF4}.Release|Any CPU.ActiveCfg = Release|Any CPU
		{227F3352-55FE-4151-8698-E32282E92AF4}.Release|Any CPU.Build.0 = Release|Any CPU
		{ADF9524C-D881-4096-B669-16EBCA61BACC}.Debug|Any CPU.ActiveCfg = Debug|Any CPU
		{ADF9524C-D881-4096-B669-16EBCA61BACC}.Debug|Any CPU.Build.0 = Debug|Any CPU
		{ADF9524C-D881-4096-B669-16EBCA61BACC}.Release|Any CPU.ActiveCfg = Release|Any CPU
		{ADF9524C-D881-4096-B669-16EBCA61BACC}.Release|Any CPU.Build.0 = Release|Any CPU
		{4F9B594C-7E2D-49ED-8A93-4E5D4975C552}.Debug|Any CPU.ActiveCfg = Debug|Any CPU
		{4F9B594C-7E2D-49ED-8A93-4E5D4975C552}.Debug|Any CPU.Build.0 = Debug|Any CPU
		{4F9B594C-7E2D-49ED-8A93-4E5D4975C552}.Release|Any CPU.ActiveCfg = Release|Any CPU
		{4F9B594C-7E2D-49ED-8A93-4E5D4975C552}.Release|Any CPU.Build.0 = Release|Any CPU
		{66CC9910-EB29-48AF-ACC3-CD9EEE2BCBAB}.Debug|Any CPU.ActiveCfg = Debug|Any CPU
		{66CC9910-EB29-48AF-ACC3-CD9EEE2BCBAB}.Debug|Any CPU.Build.0 = Debug|Any CPU
		{66CC9910-EB29-48AF-ACC3-CD9EEE2BCBAB}.Release|Any CPU.ActiveCfg = Release|Any CPU
		{66CC9910-EB29-48AF-ACC3-CD9EEE2BCBAB}.Release|Any CPU.Build.0 = Release|Any CPU
		{20DBE9A6-41C7-40E6-B889-EFA890441877}.Debug|Any CPU.ActiveCfg = Debug|Any CPU
		{20DBE9A6-41C7-40E6-B889-EFA890441877}.Debug|Any CPU.Build.0 = Debug|Any CPU
		{20DBE9A6-41C7-40E6-B889-EFA890441877}.Release|Any CPU.ActiveCfg = Release|Any CPU
		{20DBE9A6-41C7-40E6-B889-EFA890441877}.Release|Any CPU.Build.0 = Release|Any CPU
	EndGlobalSection
	GlobalSection(SolutionProperties) = preSolution
		HideSolutionNode = FALSE
	EndGlobalSection
	GlobalSection(ExtensibilityGlobals) = postSolution
		SolutionGuid = {0A88284B-E2DE-4753-8186-3C0B66590CE0}
	EndGlobalSection
EndGlobal
