
Microsoft Visual Studio Solution File, Format Version 12.00
# Visual Studio Version 17
VisualStudioVersion = 17.2.32616.157
MinimumVisualStudioVersion = 10.0.40219.1
Project("{FAE04EC0-301F-11D3-BF4B-00C04F79EFBC}") = "P01", "P01\P01.csproj", "{B0DCCC0C-A5DD-4AC4-8E28-139F2F1EFC0C}"
EndProject
Project("{FAE04EC0-301F-11D3-BF4B-00C04F79EFBC}") = "P02", "P02\P02.csproj", "{877CE471-728F-4AAF-AA4F-618D58A64690}"
EndProject
Project("{FAE04EC0-301F-11D3-BF4B-00C04F79EFBC}") = "P03", "P03\P03.csproj", "{3806B9B3-F446-4185-81F1-043A26408196}"
EndProject
Project("{FAE04EC0-301F-11D3-BF4B-00C04F79EFBC}") = "P04", "P04\P04.csproj", "{0A47FF08-5497-46BA-82D8-D71DEB288C6A}"
EndProject
Project("{FAE04EC0-301F-11D3-BF4B-00C04F79EFBC}") = "P05", "P05\P05.csproj", "{3B8B9A3F-B6FF-4B2B-BF46-0EDAB7B95A3A}"
EndProject
Project("{FAE04EC0-301F-11D3-BF4B-00C04F79EFBC}") = "P06", "P06\P06.csproj", "{9661A23F-BBAD-4580-95DB-9FEE02DC5177}"
EndProject
Project("{FAE04EC0-301F-11D3-BF4B-00C04F79EFBC}") = "P07", "P07\P07.csproj", "{461AFB22-CA25-4695-BC16-FC5B030E0F42}"
EndProject
Project("{FAE04EC0-301F-11D3-BF4B-00C04F79EFBC}") = "P08", "P08\P08.csproj", "{D2FBD402-4BAF-4F87-BB36-E36901784CA4}"
EndProject
Project("{FAE04EC0-301F-11D3-BF4B-00C04F79EFBC}") = "P09", "P09\P09.csproj", "{7E4FEFF1-5BF4-4325-919E-69BC563089A8}"
EndProject
Project("{FAE04EC0-301F-11D3-BF4B-00C04F79EFBC}") = "P10", "P10\P10.csproj", "{B2BE43C7-2817-4678-A2DB-C0E263B6F357}"
EndProject
Global
	GlobalSection(SolutionConfigurationPlatforms) = preSolution
		Debug|Any CPU = Debug|Any CPU
		Release|Any CPU = Release|Any CPU
	EndGlobalSection
	GlobalSection(ProjectConfigurationPlatforms) = postSolution
		{B0DCCC0C-A5DD-4AC4-8E28-139F2F1EFC0C}.Debug|Any CPU.ActiveCfg = Debug|Any CPU
		{B0DCCC0C-A5DD-4AC4-8E28-139F2F1EFC0C}.Debug|Any CPU.Build.0 = Debug|Any CPU
		{B0DCCC0C-A5DD-4AC4-8E28-139F2F1EFC0C}.Release|Any CPU.ActiveCfg = Release|Any CPU
		{B0DCCC0C-A5DD-4AC4-8E28-139F2F1EFC0C}.Release|Any CPU.Build.0 = Release|Any CPU
		{877CE471-728F-4AAF-AA4F-618D58A64690}.Debug|Any CPU.ActiveCfg = Debug|Any CPU
		{877CE471-728F-4AAF-AA4F-618D58A64690}.Debug|Any CPU.Build.0 = Debug|Any CPU
		{877CE471-728F-4AAF-AA4F-618D58A64690}.Release|Any CPU.ActiveCfg = Release|Any CPU
		{877CE471-728F-4AAF-AA4F-618D58A64690}.Release|Any CPU.Build.0 = Release|Any CPU
		{3806B9B3-F446-4185-81F1-043A26408196}.Debug|Any CPU.ActiveCfg = Debug|Any CPU
		{3806B9B3-F446-4185-81F1-043A26408196}.Debug|Any CPU.Build.0 = Debug|Any CPU
		{3806B9B3-F446-4185-81F1-043A26408196}.Release|Any CPU.ActiveCfg = Release|Any CPU
		{3806B9B3-F446-4185-81F1-043A26408196}.Release|Any CPU.Build.0 = Release|Any CPU
		{0A47FF08-5497-46BA-82D8-D71DEB288C6A}.Debug|Any CPU.ActiveCfg = Debug|Any CPU
		{0A47FF08-5497-46BA-82D8-D71DEB288C6A}.Debug|Any CPU.Build.0 = Debug|Any CPU
		{0A47FF08-5497-46BA-82D8-D71DEB288C6A}.Release|Any CPU.ActiveCfg = Release|Any CPU
		{0A47FF08-5497-46BA-82D8-D71DEB288C6A}.Release|Any CPU.Build.0 = Release|Any CPU
		{3B8B9A3F-B6FF-4B2B-BF46-0EDAB7B95A3A}.Debug|Any CPU.ActiveCfg = Debug|Any CPU
		{3B8B9A3F-B6FF-4B2B-BF46-0EDAB7B95A3A}.Debug|Any CPU.Build.0 = Debug|Any CPU
		{3B8B9A3F-B6FF-4B2B-BF46-0EDAB7B95A3A}.Release|Any CPU.ActiveCfg = Release|Any CPU
		{3B8B9A3F-B6FF-4B2B-BF46-0EDAB7B95A3A}.Release|Any CPU.Build.0 = Release|Any CPU
		{9661A23F-BBAD-4580-95DB-9FEE02DC5177}.Debug|Any CPU.ActiveCfg = Debug|Any CPU
		{9661A23F-BBAD-4580-95DB-9FEE02DC5177}.Debug|Any CPU.Build.0 = Debug|Any CPU
		{9661A23F-BBAD-4580-95DB-9FEE02DC5177}.Release|Any CPU.ActiveCfg = Release|Any CPU
		{9661A23F-BBAD-4580-95DB-9FEE02DC5177}.Release|Any CPU.Build.0 = Release|Any CPU
		{461AFB22-CA25-4695-BC16-FC5B030E0F42}.Debug|Any CPU.ActiveCfg = Debug|Any CPU
		{461AFB22-CA25-4695-BC16-FC5B030E0F42}.Debug|Any CPU.Build.0 = Debug|Any CPU
		{461AFB22-CA25-4695-BC16-FC5B030E0F42}.Release|Any CPU.ActiveCfg = Release|Any CPU
		{461AFB22-CA25-4695-BC16-FC5B030E0F42}.Release|Any CPU.Build.0 = Release|Any CPU
		{D2FBD402-4BAF-4F87-BB36-E36901784CA4}.Debug|Any CPU.ActiveCfg = Debug|Any CPU
		{D2FBD402-4BAF-4F87-BB36-E36901784CA4}.Debug|Any CPU.Build.0 = Debug|Any CPU
		{D2FBD402-4BAF-4F87-BB36-E36901784CA4}.Release|Any CPU.ActiveCfg = Release|Any CPU
		{D2FBD402-4BAF-4F87-BB36-E36901784CA4}.Release|Any CPU.Build.0 = Release|Any CPU
		{7E4FEFF1-5BF4-4325-919E-69BC563089A8}.Debug|Any CPU.ActiveCfg = Debug|Any CPU
		{7E4FEFF1-5BF4-4325-919E-69BC563089A8}.Debug|Any CPU.Build.0 = Debug|Any CPU
		{7E4FEFF1-5BF4-4325-919E-69BC563089A8}.Release|Any CPU.ActiveCfg = Release|Any CPU
		{7E4FEFF1-5BF4-4325-919E-69BC563089A8}.Release|Any CPU.Build.0 = Release|Any CPU
		{B2BE43C7-2817-4678-A2DB-C0E263B6F357}.Debug|Any CPU.ActiveCfg = Debug|Any CPU
		{B2BE43C7-2817-4678-A2DB-C0E263B6F357}.Debug|Any CPU.Build.0 = Debug|Any CPU
		{B2BE43C7-2817-4678-A2DB-C0E263B6F357}.Release|Any CPU.ActiveCfg = Release|Any CPU
		{B2BE43C7-2817-4678-A2DB-C0E263B6F357}.Release|Any CPU.Build.0 = Release|Any CPU
	EndGlobalSection
	GlobalSection(SolutionProperties) = preSolution
		HideSolutionNode = FALSE
	EndGlobalSection
	GlobalSection(ExtensibilityGlobals) = postSolution
		SolutionGuid = {FC6C407E-EAFD-4DDA-8C49-BE9A657EED34}
	EndGlobalSection
EndGlobal
