
Microsoft Visual Studio Solution File, Format Version 12.00
# Visual Studio Version 17
VisualStudioVersion = 17.2.32526.322
MinimumVisualStudioVersion = 10.0.40219.1
Project("{FAE04EC0-301F-11D3-BF4B-00C04F79EFBC}") = "P01P02.GenericBoxOfStringAndInt", "P01.GenericBoxOfString\P01P02.GenericBoxOfStringAndInt.csproj", "{97EBFD3C-1ED0-487E-82F4-E7501E94FD58}"
EndProject
Project("{FAE04EC0-301F-11D3-BF4B-00C04F79EFBC}") = "P03P04.GenericSwapMethodStringAndInteger", "P03P04.GenericSwapMethodStringAndInteger\P03P04.GenericSwapMethodStringAndInteger.csproj", "{2959C3FC-693D-4F1A-AAC9-78745AD2D30B}"
EndProject
Project("{FAE04EC0-301F-11D3-BF4B-00C04F79EFBC}") = "P05P06.GenericCountMethodStringsAndDoubles", "P05P06.GenericCountMethodStringsAndDoubles\P05P06.GenericCountMethodStringsAndDoubles.csproj", "{C15A87D2-5046-401C-A4D0-335620842FD9}"
EndProject
Project("{FAE04EC0-301F-11D3-BF4B-00C04F79EFBC}") = "P07.Tuple", "P07.Tuple\P07.Tuple.csproj", "{24D01AC6-BBE1-4C17-958B-7B0CD6B0923B}"
EndProject
Project("{FAE04EC0-301F-11D3-BF4B-00C04F79EFBC}") = "P08.Threeuple", "P08.Threeuple\P08.Threeuple.csproj", "{D27B7DC8-849E-4CB5-8368-3C2008FF4554}"
EndProject
Global
	GlobalSection(SolutionConfigurationPlatforms) = preSolution
		Debug|Any CPU = Debug|Any CPU
		Release|Any CPU = Release|Any CPU
	EndGlobalSection
	GlobalSection(ProjectConfigurationPlatforms) = postSolution
		{97EBFD3C-1ED0-487E-82F4-E7501E94FD58}.Debug|Any CPU.ActiveCfg = Debug|Any CPU
		{97EBFD3C-1ED0-487E-82F4-E7501E94FD58}.Debug|Any CPU.Build.0 = Debug|Any CPU
		{97EBFD3C-1ED0-487E-82F4-E7501E94FD58}.Release|Any CPU.ActiveCfg = Release|Any CPU
		{97EBFD3C-1ED0-487E-82F4-E7501E94FD58}.Release|Any CPU.Build.0 = Release|Any CPU
		{2959C3FC-693D-4F1A-AAC9-78745AD2D30B}.Debug|Any CPU.ActiveCfg = Debug|Any CPU
		{2959C3FC-693D-4F1A-AAC9-78745AD2D30B}.Debug|Any CPU.Build.0 = Debug|Any CPU
		{2959C3FC-693D-4F1A-AAC9-78745AD2D30B}.Release|Any CPU.ActiveCfg = Release|Any CPU
		{2959C3FC-693D-4F1A-AAC9-78745AD2D30B}.Release|Any CPU.Build.0 = Release|Any CPU
		{C15A87D2-5046-401C-A4D0-335620842FD9}.Debug|Any CPU.ActiveCfg = Debug|Any CPU
		{C15A87D2-5046-401C-A4D0-335620842FD9}.Debug|Any CPU.Build.0 = Debug|Any CPU
		{C15A87D2-5046-401C-A4D0-335620842FD9}.Release|Any CPU.ActiveCfg = Release|Any CPU
		{C15A87D2-5046-401C-A4D0-335620842FD9}.Release|Any CPU.Build.0 = Release|Any CPU
		{24D01AC6-BBE1-4C17-958B-7B0CD6B0923B}.Debug|Any CPU.ActiveCfg = Debug|Any CPU
		{24D01AC6-BBE1-4C17-958B-7B0CD6B0923B}.Debug|Any CPU.Build.0 = Debug|Any CPU
		{24D01AC6-BBE1-4C17-958B-7B0CD6B0923B}.Release|Any CPU.ActiveCfg = Release|Any CPU
		{24D01AC6-BBE1-4C17-958B-7B0CD6B0923B}.Release|Any CPU.Build.0 = Release|Any CPU
		{D27B7DC8-849E-4CB5-8368-3C2008FF4554}.Debug|Any CPU.ActiveCfg = Debug|Any CPU
		{D27B7DC8-849E-4CB5-8368-3C2008FF4554}.Debug|Any CPU.Build.0 = Debug|Any CPU
		{D27B7DC8-849E-4CB5-8368-3C2008FF4554}.Release|Any CPU.ActiveCfg = Release|Any CPU
		{D27B7DC8-849E-4CB5-8368-3C2008FF4554}.Release|Any CPU.Build.0 = Release|Any CPU
	EndGlobalSection
	GlobalSection(SolutionProperties) = preSolution
		HideSolutionNode = FALSE
	EndGlobalSection
	GlobalSection(ExtensibilityGlobals) = postSolution
		SolutionGuid = {52A9602B-2E1F-4EE6-AE16-93EC676FE572}
	EndGlobalSection
EndGlobal
